
Microsoft Visual Studio Solution File, Format Version 11.00
# Visual C# Express 2010
Project("{FAE04EC0-301F-11D3-BF4B-00C04F79EFBC}") = "WordUnscrambler", "WordUnscrambler\WordUnscrambler.csproj", "{FDF46F43-242A-4EF1-B3EE-BA8B34588DDB}"
EndProject
Global
	GlobalSection(SolutionConfigurationPlatforms) = preSolution
		Debug|x86 = Debug|x86
		Release|x86 = Release|x86
	EndGlobalSection
	GlobalSection(ProjectConfigurationPlatforms) = postSolution
		{FDF46F43-242A-4EF1-B3EE-BA8B34588DDB}.Debug|x86.ActiveCfg = Debug|x86
		{FDF46F43-242A-4EF1-B3EE-BA8B34588DDB}.Debug|x86.Build.0 = Debug|x86
		{FDF46F43-242A-4EF1-B3EE-BA8B34588DDB}.Release|x86.ActiveCfg = Release|x86
		{FDF46F43-242A-4EF1-B3EE-BA8B34588DDB}.Release|x86.Build.0 = Release|x86
	EndGlobalSection
	GlobalSection(SolutionProperties) = preSolution
		HideSolutionNode = FALSE
	EndGlobalSection
EndGlobal
